
Microsoft Visual Studio Solution File, Format Version 12.00
# Visual Studio Version 17
VisualStudioVersion = 17.5.001.0
MinimumVisualStudioVersion = 10.0.40219.1
Project("{9A19103F-16F7-4668-BE54-9A1E7A4F7556}") = "WorkLogger", "WorkLogger.csproj", "{C5492653-7BC4-4FF5-86A3-0039D2DD8ED7}"
EndProject
Global
	GlobalSection(SolutionConfigurationPlatforms) = preSolution
		Debug|Any CPU = Debug|Any CPU
		Release|Any CPU = Release|Any CPU
	EndGlobalSection
	GlobalSection(ProjectConfigurationPlatforms) = postSolution
		{C5492653-7BC4-4FF5-86A3-0039D2DD8ED7}.Debug|Any CPU.ActiveCfg = Debug|Any CPU
		{C5492653-7BC4-4FF5-86A3-0039D2DD8ED7}.Debug|Any CPU.Build.0 = Debug|Any CPU
		{C5492653-7BC4-4FF5-86A3-0039D2DD8ED7}.Release|Any CPU.ActiveCfg = Release|Any CPU
		{C5492653-7BC4-4FF5-86A3-0039D2DD8ED7}.Release|Any CPU.Build.0 = Release|Any CPU
	EndGlobalSection
	GlobalSection(SolutionProperties) = preSolution
		HideSolutionNode = FALSE
	EndGlobalSection
	GlobalSection(ExtensibilityGlobals) = postSolution
		SolutionGuid = {B6F41CFC-C338-4849-95B7-07EF167B3C9A}
	EndGlobalSection
EndGlobal
